// !$*UTF8*$!
{
	archiveVersion = 1;
	classes = {
	};
	objectVersion = 48;
	objects = {

/* Begin PBXBuildFile section */
		4C5C694D20D3912A00922D95 /* AppDelegate.swift in Sources */ = {isa = PBXBuildFile; fileRef = 4C5C694C20D3912A00922D95 /* AppDelegate.swift */; };
		4C5C695220D3912A00922D95 /* Main.storyboard in Resources */ = {isa = PBXBuildFile; fileRef = 4C5C695020D3912A00922D95 /* Main.storyboard */; };
		4C5C695420D3912A00922D95 /* Assets.xcassets in Resources */ = {isa = PBXBuildFile; fileRef = 4C5C695320D3912A00922D95 /* Assets.xcassets */; };
		4C5C695720D3912A00922D95 /* LaunchScreen.storyboard in Resources */ = {isa = PBXBuildFile; fileRef = 4C5C695520D3912A00922D95 /* LaunchScreen.storyboard */; };
		4C5C696020D391AD00922D95 /* MapKit.framework in Frameworks */ = {isa = PBXBuildFile; fileRef = 4C5C695F20D391AD00922D95 /* MapKit.framework */; };
		4C5C696620D394C800922D95 /* MyTableViewController.swift in Sources */ = {isa = PBXBuildFile; fileRef = 4C5C696520D394C800922D95 /* MyTableViewController.swift */; };
		4C5C696A20D395B200922D95 /* FoodStoreTableViewCell.swift in Sources */ = {isa = PBXBuildFile; fileRef = 4C5C696920D395B200922D95 /* FoodStoreTableViewCell.swift */; };
		4C5C696C20D39AFD00922D95 /* DetailViewController.swift in Sources */ = {isa = PBXBuildFile; fileRef = 4C5C696B20D39AFD00922D95 /* DetailViewController.swift */; };
		4C5C696E20D39EAD00922D95 /* MapTableViewCell.swift in Sources */ = {isa = PBXBuildFile; fileRef = 4C5C696D20D39EAD00922D95 /* MapTableViewCell.swift */; };
		4C5C697020D3A7EB00922D95 /* TotalMapViewController.swift in Sources */ = {isa = PBXBuildFile; fileRef = 4C5C696F20D3A7EB00922D95 /* TotalMapViewController.swift */; };
		4C5C697220D3AB6D00922D95 /* MapViewController.swift in Sources */ = {isa = PBXBuildFile; fileRef = 4C5C697120D3AB6D00922D95 /* MapViewController.swift */; };
		4C5C697420D3B17300922D95 /* FoodStore.swift in Sources */ = {isa = PBXBuildFile; fileRef = 4C5C697320D3B17300922D95 /* FoodStore.swift */; };
/* End PBXBuildFile section */

/* Begin PBXFileReference section */
		4C5C694920D3912A00922D95 /* DITFoodDelivery.app */ = {isa = PBXFileReference; explicitFileType = wrapper.application; includeInIndex = 0; path = DITFoodDelivery.app; sourceTree = BUILT_PRODUCTS_DIR; };
		4C5C694C20D3912A00922D95 /* AppDelegate.swift */ = {isa = PBXFileReference; lastKnownFileType = sourcecode.swift; path = AppDelegate.swift; sourceTree = "<group>"; };
		4C5C695120D3912A00922D95 /* Base */ = {isa = PBXFileReference; lastKnownFileType = file.storyboard; name = Base; path = Base.lproj/Main.storyboard; sourceTree = "<group>"; };
		4C5C695320D3912A00922D95 /* Assets.xcassets */ = {isa = PBXFileReference; lastKnownFileType = folder.assetcatalog; path = Assets.xcassets; sourceTree = "<group>"; };
		4C5C695620D3912A00922D95 /* Base */ = {isa = PBXFileReference; lastKnownFileType = file.storyboard; name = Base; path = Base.lproj/LaunchScreen.storyboard; sourceTree = "<group>"; };
		4C5C695820D3912B00922D95 /* Info.plist */ = {isa = PBXFileReference; lastKnownFileType = text.plist.xml; path = Info.plist; sourceTree = "<group>"; };
		4C5C695F20D391AD00922D95 /* MapKit.framework */ = {isa = PBXFileReference; lastKnownFileType = wrapper.framework; name = MapKit.framework; path = System/Library/Frameworks/MapKit.framework; sourceTree = SDKROOT; };
		4C5C696520D394C800922D95 /* MyTableViewController.swift */ = {isa = PBXFileReference; lastKnownFileType = sourcecode.swift; path = MyTableViewController.swift; sourceTree = "<group>"; };
		4C5C696920D395B200922D95 /* FoodStoreTableViewCell.swift */ = {isa = PBXFileReference; lastKnownFileType = sourcecode.swift; path = FoodStoreTableViewCell.swift; sourceTree = "<group>"; };
		4C5C696B20D39AFD00922D95 /* DetailViewController.swift */ = {isa = PBXFileReference; lastKnownFileType = sourcecode.swift; path = DetailViewController.swift; sourceTree = "<group>"; };
		4C5C696D20D39EAD00922D95 /* MapTableViewCell.swift */ = {isa = PBXFileReference; lastKnownFileType = sourcecode.swift; path = MapTableViewCell.swift; sourceTree = "<group>"; };
		4C5C696F20D3A7EB00922D95 /* TotalMapViewController.swift */ = {isa = PBXFileReference; lastKnownFileType = sourcecode.swift; path = TotalMapViewController.swift; sourceTree = "<group>"; };
		4C5C697120D3AB6D00922D95 /* MapViewController.swift */ = {isa = PBXFileReference; lastKnownFileType = sourcecode.swift; path = MapViewController.swift; sourceTree = "<group>"; };
		4C5C697320D3B17300922D95 /* FoodStore.swift */ = {isa = PBXFileReference; lastKnownFileType = sourcecode.swift; path = FoodStore.swift; sourceTree = "<group>"; };
/* End PBXFileReference section */

/* Begin PBXFrameworksBuildPhase section */
		4C5C694620D3912A00922D95 /* Frameworks */ = {
			isa = PBXFrameworksBuildPhase;
			buildActionMask = 2147483647;
			files = (
				4C5C696020D391AD00922D95 /* MapKit.framework in Frameworks */,
			);
			runOnlyForDeploymentPostprocessing = 0;
		};
/* End PBXFrameworksBuildPhase section */

/* Begin PBXGroup section */
		4C5C694020D3912900922D95 = {
			isa = PBXGroup;
			children = (
				4C5C694B20D3912A00922D95 /* DITFoodDelivery */,
				4C5C694A20D3912A00922D95 /* Products */,
				4C5C695E20D391AC00922D95 /* Frameworks */,
			);
			sourceTree = "<group>";
		};
		4C5C694A20D3912A00922D95 /* Products */ = {
			isa = PBXGroup;
			children = (
				4C5C694920D3912A00922D95 /* DITFoodDelivery.app */,
			);
			name = Products;
			sourceTree = "<group>";
		};
		4C5C694B20D3912A00922D95 /* DITFoodDelivery */ = {
			isa = PBXGroup;
			children = (
				4C5C696420D392AA00922D95 /* Storyboard */,
				4C5C696320D3929C00922D95 /* View */,
				4C5C696220D3927500922D95 /* Model */,
				4C5C696120D3922800922D95 /* Controller */,
			);
			path = DITFoodDelivery;
			sourceTree = "<group>";
		};
		4C5C695E20D391AC00922D95 /* Frameworks */ = {
			isa = PBXGroup;
			children = (
				4C5C695F20D391AD00922D95 /* MapKit.framework */,
			);
			name = Frameworks;
			sourceTree = "<group>";
		};
		4C5C696120D3922800922D95 /* Controller */ = {
			isa = PBXGroup;
			children = (
				4C5C697120D3AB6D00922D95 /* MapViewController.swift */,
				4C5C696F20D3A7EB00922D95 /* TotalMapViewController.swift */,
				4C5C696B20D39AFD00922D95 /* DetailViewController.swift */,
				4C5C696520D394C800922D95 /* MyTableViewController.swift */,
			);
			path = Controller;
			sourceTree = "<group>";
		};
		4C5C696220D3927500922D95 /* Model */ = {
			isa = PBXGroup;
			children = (
				4C5C697320D3B17300922D95 /* FoodStore.swift */,
				4C5C694C20D3912A00922D95 /* AppDelegate.swift */,
				4C5C695320D3912A00922D95 /* Assets.xcassets */,
				4C5C695820D3912B00922D95 /* Info.plist */,
			);
			path = Model;
			sourceTree = "<group>";
		};
		4C5C696320D3929C00922D95 /* View */ = {
			isa = PBXGroup;
			children = (
				4C5C696D20D39EAD00922D95 /* MapTableViewCell.swift */,
				4C5C696920D395B200922D95 /* FoodStoreTableViewCell.swift */,
			);
			path = View;
			sourceTree = "<group>";
		};
		4C5C696420D392AA00922D95 /* Storyboard */ = {
			isa = PBXGroup;
			children = (
				4C5C695020D3912A00922D95 /* Main.storyboard */,
				4C5C695520D3912A00922D95 /* LaunchScreen.storyboard */,
			);
			path = Storyboard;
			sourceTree = "<group>";
		};
/* End PBXGroup section */

/* Begin PBXNativeTarget section */
		4C5C694820D3912A00922D95 /* DITFoodDelivery */ = {
			isa = PBXNativeTarget;
			buildConfigurationList = 4C5C695B20D3912B00922D95 /* Build configuration list for PBXNativeTarget "DITFoodDelivery" */;
			buildPhases = (
				4C5C694520D3912A00922D95 /* Sources */,
				4C5C694620D3912A00922D95 /* Frameworks */,
				4C5C694720D3912A00922D95 /* Resources */,
			);
			buildRules = (
			);
			dependencies = (
			);
			name = DITFoodDelivery;
			productName = DITFoodDelivery;
			productReference = 4C5C694920D3912A00922D95 /* DITFoodDelivery.app */;
			productType = "com.apple.product-type.application";
		};
/* End PBXNativeTarget section */

/* Begin PBXProject section */
		4C5C694120D3912A00922D95 /* Project object */ = {
			isa = PBXProject;
			attributes = {
				LastSwiftUpdateCheck = 0920;
				LastUpgradeCheck = 0920;
				ORGANIZATIONNAME = IceArrow;
				TargetAttributes = {
					4C5C694820D3912A00922D95 = {
						CreatedOnToolsVersion = 9.2;
						ProvisioningStyle = Automatic;
					};
				};
			};
			buildConfigurationList = 4C5C694420D3912A00922D95 /* Build configuration list for PBXProject "DITFoodDelivery" */;
			compatibilityVersion = "Xcode 8.0";
			developmentRegion = en;
			hasScannedForEncodings = 0;
			knownRegions = (
				en,
				Base,
			);
			mainGroup = 4C5C694020D3912900922D95;
			productRefGroup = 4C5C694A20D3912A00922D95 /* Products */;
			projectDirPath = "";
			projectRoot = "";
			targets = (
				4C5C694820D3912A00922D95 /* DITFoodDelivery */,
			);
		};
/* End PBXProject section */

/* Begin PBXResourcesBuildPhase section */
		4C5C694720D3912A00922D95 /* Resources */ = {
			isa = PBXResourcesBuildPhase;
			buildActionMask = 2147483647;
			files = (
				4C5C695720D3912A00922D95 /* LaunchScreen.storyboard in Resources */,
				4C5C695420D3912A00922D95 /* Assets.xcassets in Resources */,
				4C5C695220D3912A00922D95 /* Main.storyboard in Resources */,
			);
			runOnlyForDeploymentPostprocessing = 0;
		};
/* End PBXResourcesBuildPhase section */

/* Begin PBXSourcesBuildPhase section */
		4C5C694520D3912A00922D95 /* Sources */ = {
			isa = PBXSourcesBuildPhase;
			buildActionMask = 2147483647;
			files = (
				4C5C696620D394C800922D95 /* MyTableViewController.swift in Sources */,
				4C5C697020D3A7EB00922D95 /* TotalMapViewController.swift in Sources */,
				4C5C696E20D39EAD00922D95 /* MapTableViewCell.swift in Sources */,
				4C5C696C20D39AFD00922D95 /* DetailViewController.swift in Sources */,
				4C5C694D20D3912A00922D95 /* AppDelegate.swift in Sources */,
				4C5C697420D3B17300922D95 /* FoodStore.swift in Sources */,
				4C5C696A20D395B200922D95 /* FoodStoreTableViewCell.swift in Sources */,
				4C5C697220D3AB6D00922D95 /* MapViewController.swift in Sources */,
			);
			runOnlyForDeploymentPostprocessing = 0;
		};
/* End PBXSourcesBuildPhase section */

/* Begin PBXVariantGroup section */
		4C5C695020D3912A00922D95 /* Main.storyboard */ = {
			isa = PBXVariantGroup;
			children = (
				4C5C695120D3912A00922D95 /* Base */,
			);
			name = Main.storyboard;
			sourceTree = "<group>";
		};
		4C5C695520D3912A00922D95 /* LaunchScreen.storyboard */ = {
			isa = PBXVariantGroup;
			children = (
				4C5C695620D3912A00922D95 /* Base */,
			);
			name = LaunchScreen.storyboard;
			sourceTree = "<group>";
		};
/* End PBXVariantGroup section */

/* Begin XCBuildConfiguration section */
		4C5C695920D3912B00922D95 /* Debug */ = {
			isa = XCBuildConfiguration;
			buildSettings = {
				ALWAYS_SEARCH_USER_PATHS = NO;
				CLANG_ANALYZER_NONNULL = YES;
				CLANG_ANALYZER_NUMBER_OBJECT_CONVERSION = YES_AGGRESSIVE;
				CLANG_CXX_LANGUAGE_STANDARD = "gnu++14";
				CLANG_CXX_LIBRARY = "libc++";
				CLANG_ENABLE_MODULES = YES;
				CLANG_ENABLE_OBJC_ARC = YES;
				CLANG_WARN_BLOCK_CAPTURE_AUTORELEASING = YES;
				CLANG_WARN_BOOL_CONVERSION = YES;
				CLANG_WARN_COMMA = YES;
				CLANG_WARN_CONSTANT_CONVERSION = YES;
				CLANG_WARN_DIRECT_OBJC_ISA_USAGE = YES_ERROR;
				CLANG_WARN_DOCUMENTATION_COMMENTS = YES;
				CLANG_WARN_EMPTY_BODY = YES;
				CLANG_WARN_ENUM_CONVERSION = YES;
				CLANG_WARN_INFINITE_RECURSION = YES;
				CLANG_WARN_INT_CONVERSION = YES;
				CLANG_WARN_NON_LITERAL_NULL_CONVERSION = YES;
				CLANG_WARN_OBJC_LITERAL_CONVERSION = YES;
				CLANG_WARN_OBJC_ROOT_CLASS = YES_ERROR;
				CLANG_WARN_RANGE_LOOP_ANALYSIS = YES;
				CLANG_WARN_STRICT_PROTOTYPES = YES;
				CLANG_WARN_SUSPICIOUS_MOVE = YES;
				CLANG_WARN_UNGUARDED_AVAILABILITY = YES_AGGRESSIVE;
				CLANG_WARN_UNREACHABLE_CODE = YES;
				CLANG_WARN__DUPLICATE_METHOD_MATCH = YES;
				CODE_SIGN_IDENTITY = "iPhone Developer";
				COPY_PHASE_STRIP = NO;
				DEBUG_INFORMATION_FORMAT = dwarf;
				ENABLE_STRICT_OBJC_MSGSEND = YES;
				ENABLE_TESTABILITY = YES;
				GCC_C_LANGUAGE_STANDARD = gnu11;
				GCC_DYNAMIC_NO_PIC = NO;
				GCC_NO_COMMON_BLOCKS = YES;
				GCC_OPTIMIZATION_LEVEL = 0;
				GCC_PREPROCESSOR_DEFINITIONS = (
					"DEBUG=1",
					"$(inherited)",
				);
				GCC_WARN_64_TO_32_BIT_CONVERSION = YES;
				GCC_WARN_ABOUT_RETURN_TYPE = YES_ERROR;
				GCC_WARN_UNDECLARED_SELECTOR = YES;
				GCC_WARN_UNINITIALIZED_AUTOS = YES_AGGRESSIVE;
				GCC_WARN_UNUSED_FUNCTION = YES;
				GCC_WARN_UNUSED_VARIABLE = YES;
				IPHONEOS_DEPLOYMENT_TARGET = 11.2;
				MTL_ENABLE_DEBUG_INFO = YES;
				ONLY_ACTIVE_ARCH = YES;
				SDKROOT = iphoneos;
				SWIFT_ACTIVE_COMPILATION_CONDITIONS = DEBUG;
				SWIFT_OPTIMIZATION_LEVEL = "-Onone";
			};
			name = Debug;
		};
		4C5C695A20D3912B00922D95 /* Release */ = {
			isa = XCBuildConfiguration;
			buildSettings = {
				ALWAYS_SEARCH_USER_PATHS = NO;
				CLANG_ANALYZER_NONNULL = YES;
				CLANG_ANALYZER_NUMBER_OBJECT_CONVERSION = YES_AGGRESSIVE;
				CLANG_CXX_LANGUAGE_STANDARD = "gnu++14";
				CLANG_CXX_LIBRARY = "libc++";
				CLANG_ENABLE_MODULES = YES;
				CLANG_ENABLE_OBJC_ARC = YES;
				CLANG_WARN_BLOCK_CAPTURE_AUTORELEASING = YES;
				CLANG_WARN_BOOL_CONVERSION = YES;
				CLANG_WARN_COMMA = YES;
				CLANG_WARN_CONSTANT_CONVERSION = YES;
				CLANG_WARN_DIRECT_OBJC_ISA_USAGE = YES_ERROR;
				CLANG_WARN_DOCUMENTATION_COMMENTS = YES;
				CLANG_WARN_EMPTY_BODY = YES;
				CLANG_WARN_ENUM_CONVERSION = YES;
				CLANG_WARN_INFINITE_RECURSION = YES;
				CLANG_WARN_INT_CONVERSION = YES;
				CLANG_WARN_NON_LITERAL_NULL_CONVERSION = YES;
				CLANG_WARN_OBJC_LITERAL_CONVERSION = YES;
				CLANG_WARN_OBJC_ROOT_CLASS = YES_ERROR;
				CLANG_WARN_RANGE_LOOP_ANALYSIS = YES;
				CLANG_WARN_STRICT_PROTOTYPES = YES;
				CLANG_WARN_SUSPICIOUS_MOVE = YES;
				CLANG_WARN_UNGUARDED_AVAILABILITY = YES_AGGRESSIVE;
				CLANG_WARN_UNREACHABLE_CODE = YES;
				CLANG_WARN__DUPLICATE_METHOD_MATCH = YES;
				CODE_SIGN_IDENTITY = "iPhone Developer";
				COPY_PHASE_STRIP = NO;
				DEBUG_INFORMATION_FORMAT = "dwarf-with-dsym";
				ENABLE_NS_ASSERTIONS = NO;
				ENABLE_STRICT_OBJC_MSGSEND = YES;
				GCC_C_LANGUAGE_STANDARD = gnu11;
				GCC_NO_COMMON_BLOCKS = YES;
				GCC_WARN_64_TO_32_BIT_CONVERSION = YES;
				GCC_WARN_ABOUT_RETURN_TYPE = YES_ERROR;
				GCC_WARN_UNDECLARED_SELECTOR = YES;
				GCC_WARN_UNINITIALIZED_AUTOS = YES_AGGRESSIVE;
				GCC_WARN_UNUSED_FUNCTION = YES;
				GCC_WARN_UNUSED_VARIABLE = YES;
				IPHONEOS_DEPLOYMENT_TARGET = 11.2;
				MTL_ENABLE_DEBUG_INFO = NO;
				SDKROOT = iphoneos;
				SWIFT_OPTIMIZATION_LEVEL = "-Owholemodule";
				VALIDATE_PRODUCT = YES;
			};
			name = Release;
		};
		4C5C695C20D3912B00922D95 /* Debug */ = {
			isa = XCBuildConfiguration;
			buildSettings = {
				ASSETCATALOG_COMPILER_APPICON_NAME = AppIcon;
				CODE_SIGN_STYLE = Automatic;
				INFOPLIST_FILE = "$(SRCROOT)/DITFoodDelivery/Model/Info.plist";
				LD_RUNPATH_SEARCH_PATHS = "$(inherited) @executable_path/Frameworks";
				PRODUCT_BUNDLE_IDENTIFIER = ViaArcher.IceArrow.DITFoodDelivery;
				PRODUCT_NAME = "$(TARGET_NAME)";
				SWIFT_VERSION = 4.0;
				TARGETED_DEVICE_FAMILY = "1,2";
			};
			name = Debug;
		};
		4C5C695D20D3912B00922D95 /* Release */ = {
			isa = XCBuildConfiguration;
			buildSettings = {
				ASSETCATALOG_COMPILER_APPICON_NAME = AppIcon;
				CODE_SIGN_STYLE = Automatic;
				INFOPLIST_FILE = "$(SRCROOT)/DITFoodDelivery/Model/Info.plist";
				LD_RUNPATH_SEARCH_PATHS = "$(inherited) @executable_path/Frameworks";
				PRODUCT_BUNDLE_IDENTIFIER = ViaArcher.IceArrow.DITFoodDelivery;
				PRODUCT_NAME = "$(TARGET_NAME)";
				SWIFT_VERSION = 4.0;
				TARGETED_DEVICE_FAMILY = "1,2";
			};
			name = Release;
		};
/* End XCBuildConfiguration section */

/* Begin XCConfigurationList section */
		4C5C694420D3912A00922D95 /* Build configuration list for PBXProject "DITFoodDelivery" */ = {
			isa = XCConfigurationList;
			buildConfigurations = (
				4C5C695920D3912B00922D95 /* Debug */,
				4C5C695A20D3912B00922D95 /* Release */,
			);
			defaultConfigurationIsVisible = 0;
			defaultConfigurationName = Release;
		};
		4C5C695B20D3912B00922D95 /* Build configuration list for PBXNativeTarget "DITFoodDelivery" */ = {
			isa = XCConfigurationList;
			buildConfigurations = (
				4C5C695C20D3912B00922D95 /* Debug */,
				4C5C695D20D3912B00922D95 /* Release */,
			);
			defaultConfigurationIsVisible = 0;
			defaultConfigurationName = Release;
		};
/* End XCConfigurationList section */
	};
	rootObject = 4C5C694120D3912A00922D95 /* Project object */;
}
